
Microsoft Visual Studio Solution File, Format Version 12.00
# Visual Studio Version 16
VisualStudioVersion = 16.0.32228.343
MinimumVisualStudioVersion = 10.0.40219.1
Project("{D2ABAB84-BF74-430A-B69E-9DC6D40DDA17}") = "AmExpert_SSAS", "AmExpert_SSAS\AmExpert_SSAS.dwproj", "{AE98F283-51CC-48B0-970E-D2D1037B9D80}"
EndProject
Global
	GlobalSection(SolutionConfigurationPlatforms) = preSolution
		Development|Default = Development|Default
	EndGlobalSection
	GlobalSection(ProjectConfigurationPlatforms) = postSolution
		{AE98F283-51CC-48B0-970E-D2D1037B9D80}.Development|Default.ActiveCfg = Development
		{AE98F283-51CC-48B0-970E-D2D1037B9D80}.Development|Default.Build.0 = Development
		{AE98F283-51CC-48B0-970E-D2D1037B9D80}.Development|Default.Deploy.0 = Development
	EndGlobalSection
	GlobalSection(SolutionProperties) = preSolution
		HideSolutionNode = FALSE
	EndGlobalSection
	GlobalSection(ExtensibilityGlobals) = postSolution
		SolutionGuid = {A6A55EA4-309C-4C94-A7EE-3DC0E95B0DE0}
	EndGlobalSection
EndGlobal
